
Microsoft Visual Studio Solution File, Format Version 12.00
# Visual Studio 15
Project("{FAE04EC0-301F-11D3-BF4B-00C04F79EFBC}") = "UnityEngine.TestRunner", "UnityEngine.TestRunner.csproj", "{96600271-C251-FBEA-8F57-EE4C36AB36D6}"
EndProject
Project("{FAE04EC0-301F-11D3-BF4B-00C04F79EFBC}") = "UnityEngine.UI", "UnityEngine.UI.csproj", "{4802DFAC-99AF-3CD0-2BF1-7018AB70C1CC}"
EndProject
Project("{FAE04EC0-301F-11D3-BF4B-00C04F79EFBC}") = "Unity.VisualScripting.Flow", "Unity.VisualScripting.Flow.csproj", "{D038D553-80A5-2958-6035-6B0046665F8B}"
EndProject
Project("{FAE04EC0-301F-11D3-BF4B-00C04F79EFBC}") = "Unity.Services.Core.Telemetry", "Unity.Services.Core.Telemetry.csproj", "{9D6393DE-248F-08CF-A0FF-89882CF4426D}"
EndProject
Project("{FAE04EC0-301F-11D3-BF4B-00C04F79EFBC}") = "Unity.VisualScripting.State", "Unity.VisualScripting.State.csproj", "{78A660C9-64B5-5E0D-9916-DE0E7CF01D9D}"
EndProject
Project("{FAE04EC0-301F-11D3-BF4B-00C04F79EFBC}") = "Unity.VisualScripting.Core", "Unity.VisualScripting.Core.csproj", "{41CFA6EF-7B3D-577D-CCAD-B48945BBEDE9}"
EndProject
Project("{FAE04EC0-301F-11D3-BF4B-00C04F79EFBC}") = "Unity.Services.Core.Environments.Internal", "Unity.Services.Core.Environments.Internal.csproj", "{300E8117-30A1-4ABA-4539-E5B47EA81C70}"
EndProject
Project("{FAE04EC0-301F-11D3-BF4B-00C04F79EFBC}") = "Unity.TextMeshPro", "Unity.TextMeshPro.csproj", "{3563B4A3-200E-A3A4-F811-2DEE64BA9BF5}"
EndProject
Project("{FAE04EC0-301F-11D3-BF4B-00C04F79EFBC}") = "Unity.Timeline", "Unity.Timeline.csproj", "{EDE3FF47-A03C-277D-245A-73A73A9DDF48}"
EndProject
Project("{FAE04EC0-301F-11D3-BF4B-00C04F79EFBC}") = "Unity.Services.Core", "Unity.Services.Core.csproj", "{DFBD18AD-A3A5-BC54-F6B5-157A43EE7AA9}"
EndProject
Project("{FAE04EC0-301F-11D3-BF4B-00C04F79EFBC}") = "Unity.Services.Core.Environments", "Unity.Services.Core.Environments.csproj", "{B8E7A8DA-99D9-F2CD-8F07-A81AF5C74ACA}"
EndProject
Project("{FAE04EC0-301F-11D3-BF4B-00C04F79EFBC}") = "Unity.Services.Core.Internal", "Unity.Services.Core.Internal.csproj", "{F774372E-6FBC-2641-8BCC-B0513A852088}"
EndProject
Project("{FAE04EC0-301F-11D3-BF4B-00C04F79EFBC}") = "Unity.Services.Core.Analytics", "Unity.Services.Core.Analytics.csproj", "{21337500-9CAD-C94B-872E-6D33EBCDB0B2}"
EndProject
Project("{FAE04EC0-301F-11D3-BF4B-00C04F79EFBC}") = "Unity.Services.Core.Scheduler", "Unity.Services.Core.Scheduler.csproj", "{10D6444F-7E37-9236-330D-A4A26F629F11}"
EndProject
Project("{FAE04EC0-301F-11D3-BF4B-00C04F79EFBC}") = "Unity.Services.Core.Registration", "Unity.Services.Core.Registration.csproj", "{F1123B74-8EC8-2008-29D8-A51B2383B6B0}"
EndProject
Project("{FAE04EC0-301F-11D3-BF4B-00C04F79EFBC}") = "Unity.Services.Core.Device", "Unity.Services.Core.Device.csproj", "{AC7B3970-5871-A812-BB3E-6110A40FC334}"
EndProject
Project("{FAE04EC0-301F-11D3-BF4B-00C04F79EFBC}") = "Unity.Services.Core.Threading", "Unity.Services.Core.Threading.csproj", "{233893B6-171C-FFAF-4A94-1CBE4293D668}"
EndProject
Project("{FAE04EC0-301F-11D3-BF4B-00C04F79EFBC}") = "Unity.Services.Core.Networking", "Unity.Services.Core.Networking.csproj", "{5BED1D1C-EB4B-0B07-F81E-F837F29597DA}"
EndProject
Project("{FAE04EC0-301F-11D3-BF4B-00C04F79EFBC}") = "Unity.Services.Core.Configuration", "Unity.Services.Core.Configuration.csproj", "{682D987C-20B7-21D8-C01B-AB241687F223}"
EndProject
Project("{FAE04EC0-301F-11D3-BF4B-00C04F79EFBC}") = "Assembly-CSharp", "Assembly-CSharp.csproj", "{215A972B-E05D-EE8F-8730-EDB19CF3575B}"
EndProject
Project("{FAE04EC0-301F-11D3-BF4B-00C04F79EFBC}") = "Unity.PlasticSCM.Editor", "Unity.PlasticSCM.Editor.csproj", "{84570796-27EF-6E80-9348-1D273C490096}"
EndProject
Project("{FAE04EC0-301F-11D3-BF4B-00C04F79EFBC}") = "Unity.VisualScripting.Core.Editor", "Unity.VisualScripting.Core.Editor.csproj", "{399BA241-2B0D-0EC3-6022-45E0ADE3B12F}"
EndProject
Project("{FAE04EC0-301F-11D3-BF4B-00C04F79EFBC}") = "Unity.VisualScripting.Flow.Editor", "Unity.VisualScripting.Flow.Editor.csproj", "{4683668E-C431-25AC-BC3C-6FBAF83D9E92}"
EndProject
Project("{FAE04EC0-301F-11D3-BF4B-00C04F79EFBC}") = "Unity.VisualStudio.Editor", "Unity.VisualStudio.Editor.csproj", "{432E2F19-5148-981A-DD33-559EC061FBD4}"
EndProject
Project("{FAE04EC0-301F-11D3-BF4B-00C04F79EFBC}") = "Unity.Timeline.Editor", "Unity.Timeline.Editor.csproj", "{E1EBD092-EB9F-1457-966A-A371BD624D9B}"
EndProject
Project("{FAE04EC0-301F-11D3-BF4B-00C04F79EFBC}") = "Unity.VisualScripting.State.Editor", "Unity.VisualScripting.State.Editor.csproj", "{DD222E17-F605-0052-D129-1EF4FC2AB025}"
EndProject
Project("{FAE04EC0-301F-11D3-BF4B-00C04F79EFBC}") = "Unity.TextMeshPro.Editor", "Unity.TextMeshPro.Editor.csproj", "{B6E8992A-C8A5-EA66-439A-F9C6BC3AADD8}"
EndProject
Project("{FAE04EC0-301F-11D3-BF4B-00C04F79EFBC}") = "Unity.VisualScripting.SettingsProvider.Editor", "Unity.VisualScripting.SettingsProvider.Editor.csproj", "{F00D262C-8092-3E85-4059-5593054F7EC1}"
EndProject
Project("{FAE04EC0-301F-11D3-BF4B-00C04F79EFBC}") = "Unity.CollabProxy.Editor", "Unity.CollabProxy.Editor.csproj", "{8F28BAE1-6DE1-8A7A-8EE9-A186CF62C043}"
EndProject
Project("{FAE04EC0-301F-11D3-BF4B-00C04F79EFBC}") = "UnityEditor.TestRunner", "UnityEditor.TestRunner.csproj", "{ADB83E3A-B85D-EA64-8822-A71AFD300C28}"
EndProject
Project("{FAE04EC0-301F-11D3-BF4B-00C04F79EFBC}") = "Unity.Services.Core.Editor", "Unity.Services.Core.Editor.csproj", "{B37A32E8-D0CB-4791-72C9-6142B2C5233D}"
EndProject
Project("{FAE04EC0-301F-11D3-BF4B-00C04F79EFBC}") = "Unity.TestTools.CodeCoverage.Editor", "Unity.TestTools.CodeCoverage.Editor.csproj", "{2DCC58F5-7968-DE76-E233-F1C961A1087E}"
EndProject
Project("{FAE04EC0-301F-11D3-BF4B-00C04F79EFBC}") = "Unity.Rider.Editor", "Unity.Rider.Editor.csproj", "{56194CA4-C7CF-DA24-FFE2-16E6D3B58C1F}"
EndProject
Project("{FAE04EC0-301F-11D3-BF4B-00C04F79EFBC}") = "Unity.Performance.Profile-Analyzer.Editor", "Unity.Performance.Profile-Analyzer.Editor.csproj", "{079F1720-11AF-C516-6B16-6D52E5567F5C}"
EndProject
Project("{FAE04EC0-301F-11D3-BF4B-00C04F79EFBC}") = "Unity.VSCode.Editor", "Unity.VSCode.Editor.csproj", "{02EC02CB-6CE2-A353-7C80-021FB0B5AA93}"
EndProject
Project("{FAE04EC0-301F-11D3-BF4B-00C04F79EFBC}") = "UnityEditor.UI", "UnityEditor.UI.csproj", "{19C7F0BA-6A85-99C0-151D-69DC97976B6C}"
EndProject
Project("{FAE04EC0-301F-11D3-BF4B-00C04F79EFBC}") = "Unity.Settings.Editor", "Unity.Settings.Editor.csproj", "{72804B7C-3BC9-2AB6-8C27-11FD297E4581}"
EndProject
Project("{FAE04EC0-301F-11D3-BF4B-00C04F79EFBC}") = "Unity.TestTools.CodeCoverage.Editor.OpenCover.Model", "Unity.TestTools.CodeCoverage.Editor.OpenCover.Model.csproj", "{268279F6-2024-5D0B-E067-1234415B7963}"
EndProject
Project("{FAE04EC0-301F-11D3-BF4B-00C04F79EFBC}") = "Unity.EditorCoroutines.Editor", "Unity.EditorCoroutines.Editor.csproj", "{98EC2FAB-B831-9CAB-9E7E-5A5F1F56891A}"
EndProject
Project("{FAE04EC0-301F-11D3-BF4B-00C04F79EFBC}") = "Unity.Services.Core.Configuration.Editor", "Unity.Services.Core.Configuration.Editor.csproj", "{E27C1081-2AC6-1512-C0D1-D0F8B984B7D1}"
EndProject
Project("{FAE04EC0-301F-11D3-BF4B-00C04F79EFBC}") = "Unity.TestTools.CodeCoverage.Editor.OpenCover.Mono.Reflection", "Unity.TestTools.CodeCoverage.Editor.OpenCover.Mono.Reflection.csproj", "{2EF7D0DC-444A-791B-129C-EC3DDDE620D8}"
EndProject
Project("{FAE04EC0-301F-11D3-BF4B-00C04F79EFBC}") = "Unity.VisualScripting.Shared.Editor", "Unity.VisualScripting.Shared.Editor.csproj", "{674E3ED8-21AE-EACA-295F-CFB5480DBDF0}"
EndProject
Global
	GlobalSection(SolutionConfigurationPlatforms) = preSolution
		Debug|Any CPU = Debug|Any CPU
		Release|Any CPU = Release|Any CPU
	EndGlobalSection
	GlobalSection(ProjectConfigurationPlatforms) = postSolution
		{96600271-C251-FBEA-8F57-EE4C36AB36D6}.Debug|Any CPU.ActiveCfg = Debug|Any CPU
		{96600271-C251-FBEA-8F57-EE4C36AB36D6}.Debug|Any CPU.Build.0 = Debug|Any CPU
		{96600271-C251-FBEA-8F57-EE4C36AB36D6}.Release|Any CPU.ActiveCfg = Release|Any CPU
		{96600271-C251-FBEA-8F57-EE4C36AB36D6}.Release|Any CPU.Build.0 = Release|Any CPU
		{4802DFAC-99AF-3CD0-2BF1-7018AB70C1CC}.Debug|Any CPU.ActiveCfg = Debug|Any CPU
		{4802DFAC-99AF-3CD0-2BF1-7018AB70C1CC}.Debug|Any CPU.Build.0 = Debug|Any CPU
		{4802DFAC-99AF-3CD0-2BF1-7018AB70C1CC}.Release|Any CPU.ActiveCfg = Release|Any CPU
		{4802DFAC-99AF-3CD0-2BF1-7018AB70C1CC}.Release|Any CPU.Build.0 = Release|Any CPU
		{D038D553-80A5-2958-6035-6B0046665F8B}.Debug|Any CPU.ActiveCfg = Debug|Any CPU
		{D038D553-80A5-2958-6035-6B0046665F8B}.Debug|Any CPU.Build.0 = Debug|Any CPU
		{D038D553-80A5-2958-6035-6B0046665F8B}.Release|Any CPU.ActiveCfg = Release|Any CPU
		{D038D553-80A5-2958-6035-6B0046665F8B}.Release|Any CPU.Build.0 = Release|Any CPU
		{9D6393DE-248F-08CF-A0FF-89882CF4426D}.Debug|Any CPU.ActiveCfg = Debug|Any CPU
		{9D6393DE-248F-08CF-A0FF-89882CF4426D}.Debug|Any CPU.Build.0 = Debug|Any CPU
		{9D6393DE-248F-08CF-A0FF-89882CF4426D}.Release|Any CPU.ActiveCfg = Release|Any CPU
		{9D6393DE-248F-08CF-A0FF-89882CF4426D}.Release|Any CPU.Build.0 = Release|Any CPU
		{78A660C9-64B5-5E0D-9916-DE0E7CF01D9D}.Debug|Any CPU.ActiveCfg = Debug|Any CPU
		{78A660C9-64B5-5E0D-9916-DE0E7CF01D9D}.Debug|Any CPU.Build.0 = Debug|Any CPU
		{78A660C9-64B5-5E0D-9916-DE0E7CF01D9D}.Release|Any CPU.ActiveCfg = Release|Any CPU
		{78A660C9-64B5-5E0D-9916-DE0E7CF01D9D}.Release|Any CPU.Build.0 = Release|Any CPU
		{41CFA6EF-7B3D-577D-CCAD-B48945BBEDE9}.Debug|Any CPU.ActiveCfg = Debug|Any CPU
		{41CFA6EF-7B3D-577D-CCAD-B48945BBEDE9}.Debug|Any CPU.Build.0 = Debug|Any CPU
		{41CFA6EF-7B3D-577D-CCAD-B48945BBEDE9}.Release|Any CPU.ActiveCfg = Release|Any CPU
		{41CFA6EF-7B3D-577D-CCAD-B48945BBEDE9}.Release|Any CPU.Build.0 = Release|Any CPU
		{300E8117-30A1-4ABA-4539-E5B47EA81C70}.Debug|Any CPU.ActiveCfg = Debug|Any CPU
		{300E8117-30A1-4ABA-4539-E5B47EA81C70}.Debug|Any CPU.Build.0 = Debug|Any CPU
		{300E8117-30A1-4ABA-4539-E5B47EA81C70}.Release|Any CPU.ActiveCfg = Release|Any CPU
		{300E8117-30A1-4ABA-4539-E5B47EA81C70}.Release|Any CPU.Build.0 = Release|Any CPU
		{3563B4A3-200E-A3A4-F811-2DEE64BA9BF5}.Debug|Any CPU.ActiveCfg = Debug|Any CPU
		{3563B4A3-200E-A3A4-F811-2DEE64BA9BF5}.Debug|Any CPU.Build.0 = Debug|Any CPU
		{3563B4A3-200E-A3A4-F811-2DEE64BA9BF5}.Release|Any CPU.ActiveCfg = Release|Any CPU
		{3563B4A3-200E-A3A4-F811-2DEE64BA9BF5}.Release|Any CPU.Build.0 = Release|Any CPU
		{EDE3FF47-A03C-277D-245A-73A73A9DDF48}.Debug|Any CPU.ActiveCfg = Debug|Any CPU
		{EDE3FF47-A03C-277D-245A-73A73A9DDF48}.Debug|Any CPU.Build.0 = Debug|Any CPU
		{EDE3FF47-A03C-277D-245A-73A73A9DDF48}.Release|Any CPU.ActiveCfg = Release|Any CPU
		{EDE3FF47-A03C-277D-245A-73A73A9DDF48}.Release|Any CPU.Build.0 = Release|Any CPU
		{DFBD18AD-A3A5-BC54-F6B5-157A43EE7AA9}.Debug|Any CPU.ActiveCfg = Debug|Any CPU
		{DFBD18AD-A3A5-BC54-F6B5-157A43EE7AA9}.Debug|Any CPU.Build.0 = Debug|Any CPU
		{DFBD18AD-A3A5-BC54-F6B5-157A43EE7AA9}.Release|Any CPU.ActiveCfg = Release|Any CPU
		{DFBD18AD-A3A5-BC54-F6B5-157A43EE7AA9}.Release|Any CPU.Build.0 = Release|Any CPU
		{B8E7A8DA-99D9-F2CD-8F07-A81AF5C74ACA}.Debug|Any CPU.ActiveCfg = Debug|Any CPU
		{B8E7A8DA-99D9-F2CD-8F07-A81AF5C74ACA}.Debug|Any CPU.Build.0 = Debug|Any CPU
		{B8E7A8DA-99D9-F2CD-8F07-A81AF5C74ACA}.Release|Any CPU.ActiveCfg = Release|Any CPU
		{B8E7A8DA-99D9-F2CD-8F07-A81AF5C74ACA}.Release|Any CPU.Build.0 = Release|Any CPU
		{F774372E-6FBC-2641-8BCC-B0513A852088}.Debug|Any CPU.ActiveCfg = Debug|Any CPU
		{F774372E-6FBC-2641-8BCC-B0513A852088}.Debug|Any CPU.Build.0 = Debug|Any CPU
		{F774372E-6FBC-2641-8BCC-B0513A852088}.Release|Any CPU.ActiveCfg = Release|Any CPU
		{F774372E-6FBC-2641-8BCC-B0513A852088}.Release|Any CPU.Build.0 = Release|Any CPU
		{21337500-9CAD-C94B-872E-6D33EBCDB0B2}.Debug|Any CPU.ActiveCfg = Debug|Any CPU
		{21337500-9CAD-C94B-872E-6D33EBCDB0B2}.Debug|Any CPU.Build.0 = Debug|Any CPU
		{21337500-9CAD-C94B-872E-6D33EBCDB0B2}.Release|Any CPU.ActiveCfg = Release|Any CPU
		{21337500-9CAD-C94B-872E-6D33EBCDB0B2}.Release|Any CPU.Build.0 = Release|Any CPU
		{10D6444F-7E37-9236-330D-A4A26F629F11}.Debug|Any CPU.ActiveCfg = Debug|Any CPU
		{10D6444F-7E37-9236-330D-A4A26F629F11}.Debug|Any CPU.Build.0 = Debug|Any CPU
		{10D6444F-7E37-9236-330D-A4A26F629F11}.Release|Any CPU.ActiveCfg = Release|Any CPU
		{10D6444F-7E37-9236-330D-A4A26F629F11}.Release|Any CPU.Build.0 = Release|Any CPU
		{F1123B74-8EC8-2008-29D8-A51B2383B6B0}.Debug|Any CPU.ActiveCfg = Debug|Any CPU
		{F1123B74-8EC8-2008-29D8-A51B2383B6B0}.Debug|Any CPU.Build.0 = Debug|Any CPU
		{F1123B74-8EC8-2008-29D8-A51B2383B6B0}.Release|Any CPU.ActiveCfg = Release|Any CPU
		{F1123B74-8EC8-2008-29D8-A51B2383B6B0}.Release|Any CPU.Build.0 = Release|Any CPU
		{AC7B3970-5871-A812-BB3E-6110A40FC334}.Debug|Any CPU.ActiveCfg = Debug|Any CPU
		{AC7B3970-5871-A812-BB3E-6110A40FC334}.Debug|Any CPU.Build.0 = Debug|Any CPU
		{AC7B3970-5871-A812-BB3E-6110A40FC334}.Release|Any CPU.ActiveCfg = Release|Any CPU
		{AC7B3970-5871-A812-BB3E-6110A40FC334}.Release|Any CPU.Build.0 = Release|Any CPU
		{233893B6-171C-FFAF-4A94-1CBE4293D668}.Debug|Any CPU.ActiveCfg = Debug|Any CPU
		{233893B6-171C-FFAF-4A94-1CBE4293D668}.Debug|Any CPU.Build.0 = Debug|Any CPU
		{233893B6-171C-FFAF-4A94-1CBE4293D668}.Release|Any CPU.ActiveCfg = Release|Any CPU
		{233893B6-171C-FFAF-4A94-1CBE4293D668}.Release|Any CPU.Build.0 = Release|Any CPU
		{5BED1D1C-EB4B-0B07-F81E-F837F29597DA}.Debug|Any CPU.ActiveCfg = Debug|Any CPU
		{5BED1D1C-EB4B-0B07-F81E-F837F29597DA}.Debug|Any CPU.Build.0 = Debug|Any CPU
		{5BED1D1C-EB4B-0B07-F81E-F837F29597DA}.Release|Any CPU.ActiveCfg = Release|Any CPU
		{5BED1D1C-EB4B-0B07-F81E-F837F29597DA}.Release|Any CPU.Build.0 = Release|Any CPU
		{682D987C-20B7-21D8-C01B-AB241687F223}.Debug|Any CPU.ActiveCfg = Debug|Any CPU
		{682D987C-20B7-21D8-C01B-AB241687F223}.Debug|Any CPU.Build.0 = Debug|Any CPU
		{682D987C-20B7-21D8-C01B-AB241687F223}.Release|Any CPU.ActiveCfg = Release|Any CPU
		{682D987C-20B7-21D8-C01B-AB241687F223}.Release|Any CPU.Build.0 = Release|Any CPU
		{215A972B-E05D-EE8F-8730-EDB19CF3575B}.Debug|Any CPU.ActiveCfg = Debug|Any CPU
		{215A972B-E05D-EE8F-8730-EDB19CF3575B}.Debug|Any CPU.Build.0 = Debug|Any CPU
		{215A972B-E05D-EE8F-8730-EDB19CF3575B}.Release|Any CPU.ActiveCfg = Release|Any CPU
		{215A972B-E05D-EE8F-8730-EDB19CF3575B}.Release|Any CPU.Build.0 = Release|Any CPU
		{84570796-27EF-6E80-9348-1D273C490096}.Debug|Any CPU.ActiveCfg = Debug|Any CPU
		{84570796-27EF-6E80-9348-1D273C490096}.Debug|Any CPU.Build.0 = Debug|Any CPU
		{84570796-27EF-6E80-9348-1D273C490096}.Release|Any CPU.ActiveCfg = Release|Any CPU
		{84570796-27EF-6E80-9348-1D273C490096}.Release|Any CPU.Build.0 = Release|Any CPU
		{399BA241-2B0D-0EC3-6022-45E0ADE3B12F}.Debug|Any CPU.ActiveCfg = Debug|Any CPU
		{399BA241-2B0D-0EC3-6022-45E0ADE3B12F}.Debug|Any CPU.Build.0 = Debug|Any CPU
		{399BA241-2B0D-0EC3-6022-45E0ADE3B12F}.Release|Any CPU.ActiveCfg = Release|Any CPU
		{399BA241-2B0D-0EC3-6022-45E0ADE3B12F}.Release|Any CPU.Build.0 = Release|Any CPU
		{4683668E-C431-25AC-BC3C-6FBAF83D9E92}.Debug|Any CPU.ActiveCfg = Debug|Any CPU
		{4683668E-C431-25AC-BC3C-6FBAF83D9E92}.Debug|Any CPU.Build.0 = Debug|Any CPU
		{4683668E-C431-25AC-BC3C-6FBAF83D9E92}.Release|Any CPU.ActiveCfg = Release|Any CPU
		{4683668E-C431-25AC-BC3C-6FBAF83D9E92}.Release|Any CPU.Build.0 = Release|Any CPU
		{432E2F19-5148-981A-DD33-559EC061FBD4}.Debug|Any CPU.ActiveCfg = Debug|Any CPU
		{432E2F19-5148-981A-DD33-559EC061FBD4}.Debug|Any CPU.Build.0 = Debug|Any CPU
		{432E2F19-5148-981A-DD33-559EC061FBD4}.Release|Any CPU.ActiveCfg = Release|Any CPU
		{432E2F19-5148-981A-DD33-559EC061FBD4}.Release|Any CPU.Build.0 = Release|Any CPU
		{E1EBD092-EB9F-1457-966A-A371BD624D9B}.Debug|Any CPU.ActiveCfg = Debug|Any CPU
		{E1EBD092-EB9F-1457-966A-A371BD624D9B}.Debug|Any CPU.Build.0 = Debug|Any CPU
		{E1EBD092-EB9F-1457-966A-A371BD624D9B}.Release|Any CPU.ActiveCfg = Release|Any CPU
		{E1EBD092-EB9F-1457-966A-A371BD624D9B}.Release|Any CPU.Build.0 = Release|Any CPU
		{DD222E17-F605-0052-D129-1EF4FC2AB025}.Debug|Any CPU.ActiveCfg = Debug|Any CPU
		{DD222E17-F605-0052-D129-1EF4FC2AB025}.Debug|Any CPU.Build.0 = Debug|Any CPU
		{DD222E17-F605-0052-D129-1EF4FC2AB025}.Release|Any CPU.ActiveCfg = Release|Any CPU
		{DD222E17-F605-0052-D129-1EF4FC2AB025}.Release|Any CPU.Build.0 = Release|Any CPU
		{B6E8992A-C8A5-EA66-439A-F9C6BC3AADD8}.Debug|Any CPU.ActiveCfg = Debug|Any CPU
		{B6E8992A-C8A5-EA66-439A-F9C6BC3AADD8}.Debug|Any CPU.Build.0 = Debug|Any CPU
		{B6E8992A-C8A5-EA66-439A-F9C6BC3AADD8}.Release|Any CPU.ActiveCfg = Release|Any CPU
		{B6E8992A-C8A5-EA66-439A-F9C6BC3AADD8}.Release|Any CPU.Build.0 = Release|Any CPU
		{F00D262C-8092-3E85-4059-5593054F7EC1}.Debug|Any CPU.ActiveCfg = Debug|Any CPU
		{F00D262C-8092-3E85-4059-5593054F7EC1}.Debug|Any CPU.Build.0 = Debug|Any CPU
		{F00D262C-8092-3E85-4059-5593054F7EC1}.Release|Any CPU.ActiveCfg = Release|Any CPU
		{F00D262C-8092-3E85-4059-5593054F7EC1}.Release|Any CPU.Build.0 = Release|Any CPU
		{8F28BAE1-6DE1-8A7A-8EE9-A186CF62C043}.Debug|Any CPU.ActiveCfg = Debug|Any CPU
		{8F28BAE1-6DE1-8A7A-8EE9-A186CF62C043}.Debug|Any CPU.Build.0 = Debug|Any CPU
		{8F28BAE1-6DE1-8A7A-8EE9-A186CF62C043}.Release|Any CPU.ActiveCfg = Release|Any CPU
		{8F28BAE1-6DE1-8A7A-8EE9-A186CF62C043}.Release|Any CPU.Build.0 = Release|Any CPU
		{ADB83E3A-B85D-EA64-8822-A71AFD300C28}.Debug|Any CPU.ActiveCfg = Debug|Any CPU
		{ADB83E3A-B85D-EA64-8822-A71AFD300C28}.Debug|Any CPU.Build.0 = Debug|Any CPU
		{ADB83E3A-B85D-EA64-8822-A71AFD300C28}.Release|Any CPU.ActiveCfg = Release|Any CPU
		{ADB83E3A-B85D-EA64-8822-A71AFD300C28}.Release|Any CPU.Build.0 = Release|Any CPU
		{B37A32E8-D0CB-4791-72C9-6142B2C5233D}.Debug|Any CPU.ActiveCfg = Debug|Any CPU
		{B37A32E8-D0CB-4791-72C9-6142B2C5233D}.Debug|Any CPU.Build.0 = Debug|Any CPU
		{B37A32E8-D0CB-4791-72C9-6142B2C5233D}.Release|Any CPU.ActiveCfg = Release|Any CPU
		{B37A32E8-D0CB-4791-72C9-6142B2C5233D}.Release|Any CPU.Build.0 = Release|Any CPU
		{2DCC58F5-7968-DE76-E233-F1C961A1087E}.Debug|Any CPU.ActiveCfg = Debug|Any CPU
		{2DCC58F5-7968-DE76-E233-F1C961A1087E}.Debug|Any CPU.Build.0 = Debug|Any CPU
		{2DCC58F5-7968-DE76-E233-F1C961A1087E}.Release|Any CPU.ActiveCfg = Release|Any CPU
		{2DCC58F5-7968-DE76-E233-F1C961A1087E}.Release|Any CPU.Build.0 = Release|Any CPU
		{56194CA4-C7CF-DA24-FFE2-16E6D3B58C1F}.Debug|Any CPU.ActiveCfg = Debug|Any CPU
		{56194CA4-C7CF-DA24-FFE2-16E6D3B58C1F}.Debug|Any CPU.Build.0 = Debug|Any CPU
		{56194CA4-C7CF-DA24-FFE2-16E6D3B58C1F}.Release|Any CPU.ActiveCfg = Release|Any CPU
		{56194CA4-C7CF-DA24-FFE2-16E6D3B58C1F}.Release|Any CPU.Build.0 = Release|Any CPU
		{079F1720-11AF-C516-6B16-6D52E5567F5C}.Debug|Any CPU.ActiveCfg = Debug|Any CPU
		{079F1720-11AF-C516-6B16-6D52E5567F5C}.Debug|Any CPU.Build.0 = Debug|Any CPU
		{079F1720-11AF-C516-6B16-6D52E5567F5C}.Release|Any CPU.ActiveCfg = Release|Any CPU
		{079F1720-11AF-C516-6B16-6D52E5567F5C}.Release|Any CPU.Build.0 = Release|Any CPU
		{02EC02CB-6CE2-A353-7C80-021FB0B5AA93}.Debug|Any CPU.ActiveCfg = Debug|Any CPU
		{02EC02CB-6CE2-A353-7C80-021FB0B5AA93}.Debug|Any CPU.Build.0 = Debug|Any CPU
		{02EC02CB-6CE2-A353-7C80-021FB0B5AA93}.Release|Any CPU.ActiveCfg = Release|Any CPU
		{02EC02CB-6CE2-A353-7C80-021FB0B5AA93}.Release|Any CPU.Build.0 = Release|Any CPU
		{19C7F0BA-6A85-99C0-151D-69DC97976B6C}.Debug|Any CPU.ActiveCfg = Debug|Any CPU
		{19C7F0BA-6A85-99C0-151D-69DC97976B6C}.Debug|Any CPU.Build.0 = Debug|Any CPU
		{19C7F0BA-6A85-99C0-151D-69DC97976B6C}.Release|Any CPU.ActiveCfg = Release|Any CPU
		{19C7F0BA-6A85-99C0-151D-69DC97976B6C}.Release|Any CPU.Build.0 = Release|Any CPU
		{72804B7C-3BC9-2AB6-8C27-11FD297E4581}.Debug|Any CPU.ActiveCfg = Debug|Any CPU
		{72804B7C-3BC9-2AB6-8C27-11FD297E4581}.Debug|Any CPU.Build.0 = Debug|Any CPU
		{72804B7C-3BC9-2AB6-8C27-11FD297E4581}.Release|Any CPU.ActiveCfg = Release|Any CPU
		{72804B7C-3BC9-2AB6-8C27-11FD297E4581}.Release|Any CPU.Build.0 = Release|Any CPU
		{268279F6-2024-5D0B-E067-1234415B7963}.Debug|Any CPU.ActiveCfg = Debug|Any CPU
		{268279F6-2024-5D0B-E067-1234415B7963}.Debug|Any CPU.Build.0 = Debug|Any CPU
		{268279F6-2024-5D0B-E067-1234415B7963}.Release|Any CPU.ActiveCfg = Release|Any CPU
		{268279F6-2024-5D0B-E067-1234415B7963}.Release|Any CPU.Build.0 = Release|Any CPU
		{98EC2FAB-B831-9CAB-9E7E-5A5F1F56891A}.Debug|Any CPU.ActiveCfg = Debug|Any CPU
		{98EC2FAB-B831-9CAB-9E7E-5A5F1F56891A}.Debug|Any CPU.Build.0 = Debug|Any CPU
		{98EC2FAB-B831-9CAB-9E7E-5A5F1F56891A}.Release|Any CPU.ActiveCfg = Release|Any CPU
		{98EC2FAB-B831-9CAB-9E7E-5A5F1F56891A}.Release|Any CPU.Build.0 = Release|Any CPU
		{E27C1081-2AC6-1512-C0D1-D0F8B984B7D1}.Debug|Any CPU.ActiveCfg = Debug|Any CPU
		{E27C1081-2AC6-1512-C0D1-D0F8B984B7D1}.Debug|Any CPU.Build.0 = Debug|Any CPU
		{E27C1081-2AC6-1512-C0D1-D0F8B984B7D1}.Release|Any CPU.ActiveCfg = Release|Any CPU
		{E27C1081-2AC6-1512-C0D1-D0F8B984B7D1}.Release|Any CPU.Build.0 = Release|Any CPU
		{2EF7D0DC-444A-791B-129C-EC3DDDE620D8}.Debug|Any CPU.ActiveCfg = Debug|Any CPU
		{2EF7D0DC-444A-791B-129C-EC3DDDE620D8}.Debug|Any CPU.Build.0 = Debug|Any CPU
		{2EF7D0DC-444A-791B-129C-EC3DDDE620D8}.Release|Any CPU.ActiveCfg = Release|Any CPU
		{2EF7D0DC-444A-791B-129C-EC3DDDE620D8}.Release|Any CPU.Build.0 = Release|Any CPU
		{674E3ED8-21AE-EACA-295F-CFB5480DBDF0}.Debug|Any CPU.ActiveCfg = Debug|Any CPU
		{674E3ED8-21AE-EACA-295F-CFB5480DBDF0}.Debug|Any CPU.Build.0 = Debug|Any CPU
		{674E3ED8-21AE-EACA-295F-CFB5480DBDF0}.Release|Any CPU.ActiveCfg = Release|Any CPU
		{674E3ED8-21AE-EACA-295F-CFB5480DBDF0}.Release|Any CPU.Build.0 = Release|Any CPU
	EndGlobalSection
	GlobalSection(SolutionProperties) = preSolution
		HideSolutionNode = FALSE
	EndGlobalSection
EndGlobal
